
Microsoft Visual Studio Solution File, Format Version 12.00
# Visual Studio Version 16
VisualStudioVersion = 16.0.30011.22
MinimumVisualStudioVersion = 10.0.40219.1
Project("{FAE04EC0-301F-11D3-BF4B-00C04F79EFBC}") = "SampleQueueConsoleApp", "SampleQueueConsoleApp\SampleQueueConsoleApp.csproj", "{5B739B70-4921-45AE-BE43-677EA34B73B0}"
EndProject
Global
	GlobalSection(SolutionConfigurationPlatforms) = preSolution
		Debug|Any CPU = Debug|Any CPU
		Release|Any CPU = Release|Any CPU
	EndGlobalSection
	GlobalSection(ProjectConfigurationPlatforms) = postSolution
		{5B739B70-4921-45AE-BE43-677EA34B73B0}.Debug|Any CPU.ActiveCfg = Debug|Any CPU
		{5B739B70-4921-45AE-BE43-677EA34B73B0}.Debug|Any CPU.Build.0 = Debug|Any CPU
		{5B739B70-4921-45AE-BE43-677EA34B73B0}.Release|Any CPU.ActiveCfg = Release|Any CPU
		{5B739B70-4921-45AE-BE43-677EA34B73B0}.Release|Any CPU.Build.0 = Release|Any CPU
	EndGlobalSection
	GlobalSection(SolutionProperties) = preSolution
		HideSolutionNode = FALSE
	EndGlobalSection
	GlobalSection(ExtensibilityGlobals) = postSolution
		SolutionGuid = {BFF21F26-5C85-4E5C-B65E-76DAB4896CB8}
	EndGlobalSection
EndGlobal
